
Microsoft Visual Studio Solution File, Format Version 12.00
# Visual Studio Version 17
VisualStudioVersion = 17.3.32825.248
MinimumVisualStudioVersion = 10.0.40219.1
Project("{FAE04EC0-301F-11D3-BF4B-00C04F79EFBC}") = "PSSports", "PSSports.csproj", "{59273E7E-DD0A-4814-AD64-282F2CC6053D}"
EndProject
Global
	GlobalSection(SolutionConfigurationPlatforms) = preSolution
		Debug|Any CPU = Debug|Any CPU
		Release|Any CPU = Release|Any CPU
	EndGlobalSection
	GlobalSection(ProjectConfigurationPlatforms) = postSolution
		{59273E7E-DD0A-4814-AD64-282F2CC6053D}.Debug|Any CPU.ActiveCfg = Debug|Any CPU
		{59273E7E-DD0A-4814-AD64-282F2CC6053D}.Debug|Any CPU.Build.0 = Debug|Any CPU
		{59273E7E-DD0A-4814-AD64-282F2CC6053D}.Release|Any CPU.ActiveCfg = Release|Any CPU
		{59273E7E-DD0A-4814-AD64-282F2CC6053D}.Release|Any CPU.Build.0 = Release|Any CPU
	EndGlobalSection
	GlobalSection(SolutionProperties) = preSolution
		HideSolutionNode = FALSE
	EndGlobalSection
	GlobalSection(ExtensibilityGlobals) = postSolution
		SolutionGuid = {696EF6CA-0359-4D2C-81E4-A34480EEE003}
	EndGlobalSection
EndGlobal
